
Microsoft Visual Studio Solution File, Format Version 12.00
# Visual Studio Version 17
VisualStudioVersion = 17.3.32929.385
MinimumVisualStudioVersion = 10.0.40219.1
Project("{9A19103F-16F7-4668-BE54-9A1E7A4F7556}") = "Assignment.UnitTests", "Assign.UnitTests\Assignment.UnitTests.csproj", "{2371BE9F-6311-4CDA-8377-2FDEDC5BAFA7}"
EndProject
Project("{9A19103F-16F7-4668-BE54-9A1E7A4F7556}") = "Assignment.Api", "Assign.Api\Assignment.Api.csproj", "{CA73BFF7-64AD-4AF6-8D54-248DCB542F15}"
EndProject
Global
	GlobalSection(SolutionConfigurationPlatforms) = preSolution
		Debug|Any CPU = Debug|Any CPU
		Release|Any CPU = Release|Any CPU
	EndGlobalSection
	GlobalSection(ProjectConfigurationPlatforms) = postSolution
		{2371BE9F-6311-4CDA-8377-2FDEDC5BAFA7}.Debug|Any CPU.ActiveCfg = Debug|Any CPU
		{2371BE9F-6311-4CDA-8377-2FDEDC5BAFA7}.Debug|Any CPU.Build.0 = Debug|Any CPU
		{2371BE9F-6311-4CDA-8377-2FDEDC5BAFA7}.Release|Any CPU.ActiveCfg = Release|Any CPU
		{2371BE9F-6311-4CDA-8377-2FDEDC5BAFA7}.Release|Any CPU.Build.0 = Release|Any CPU
		{CA73BFF7-64AD-4AF6-8D54-248DCB542F15}.Debug|Any CPU.ActiveCfg = Debug|Any CPU
		{CA73BFF7-64AD-4AF6-8D54-248DCB542F15}.Debug|Any CPU.Build.0 = Debug|Any CPU
		{CA73BFF7-64AD-4AF6-8D54-248DCB542F15}.Release|Any CPU.ActiveCfg = Release|Any CPU
		{CA73BFF7-64AD-4AF6-8D54-248DCB542F15}.Release|Any CPU.Build.0 = Release|Any CPU
	EndGlobalSection
	GlobalSection(SolutionProperties) = preSolution
		HideSolutionNode = FALSE
	EndGlobalSection
	GlobalSection(ExtensibilityGlobals) = postSolution
		SolutionGuid = {2E3E263A-794B-44E5-ADBC-3DDF3373A51D}
	EndGlobalSection
EndGlobal
